
Microsoft Visual Studio Solution File, Format Version 12.00
# Visual Studio Version 17
VisualStudioVersion = 17.11.35017.193
MinimumVisualStudioVersion = 10.0.40219.1
Project("{FAE04EC0-301F-11D3-BF4B-00C04F79EFBC}") = "cexio_tap_bot", "cexio_tap_bot.csproj", "{85B718BD-E23F-44BE-B2EC-B1BA96E6481D}"
EndProject
Global
	GlobalSection(SolutionConfigurationPlatforms) = preSolution
		Debug|Any CPU = Debug|Any CPU
		Release|Any CPU = Release|Any CPU
	EndGlobalSection
	GlobalSection(ProjectConfigurationPlatforms) = postSolution
		{85B718BD-E23F-44BE-B2EC-B1BA96E6481D}.Debug|Any CPU.ActiveCfg = Debug|Any CPU
		{85B718BD-E23F-44BE-B2EC-B1BA96E6481D}.Debug|Any CPU.Build.0 = Debug|Any CPU
		{85B718BD-E23F-44BE-B2EC-B1BA96E6481D}.Release|Any CPU.ActiveCfg = Release|Any CPU
		{85B718BD-E23F-44BE-B2EC-B1BA96E6481D}.Release|Any CPU.Build.0 = Release|Any CPU
	EndGlobalSection
	GlobalSection(SolutionProperties) = preSolution
		HideSolutionNode = FALSE
	EndGlobalSection
	GlobalSection(ExtensibilityGlobals) = postSolution
		SolutionGuid = {C1550B93-88DC-4E82-A185-D80CB74C7FD0}
	EndGlobalSection
EndGlobal
